// !$*UTF8*$!
{
	archiveVersion = 1;
	classes = {
	};
	objectVersion = 77;
	objects = {

/* Begin PBXContainerItemProxy section */
		B6B8658C2CC8CB2200251A9F /* PBXContainerItemProxy */ = {
			isa = PBXContainerItemProxy;
			containerPortal = B6B865732CC8CB2000251A9F /* Project object */;
			proxyType = 1;
			remoteGlobalIDString = B6B8657A2CC8CB2000251A9F;
			remoteInfo = "Approval Matrix";
		};
		B6B865962CC8CB2200251A9F /* PBXContainerItemProxy */ = {
			isa = PBXContainerItemProxy;
			containerPortal = B6B865732CC8CB2000251A9F /* Project object */;
			proxyType = 1;
			remoteGlobalIDString = B6B8657A2CC8CB2000251A9F;
			remoteInfo = "Approval Matrix";
		};
/* End PBXContainerItemProxy section */

/* Begin PBXFileReference section */
		B6B8657B2CC8CB2000251A9F /* Approval Matrix.app */ = {isa = PBXFileReference; explicitFileType = wrapper.application; includeInIndex = 0; path = "Approval Matrix.app"; sourceTree = BUILT_PRODUCTS_DIR; };
		B6B8658B2CC8CB2200251A9F /* Approval MatrixTests.xctest */ = {isa = PBXFileReference; explicitFileType = wrapper.cfbundle; includeInIndex = 0; path = "Approval MatrixTests.xctest"; sourceTree = BUILT_PRODUCTS_DIR; };
		B6B865952CC8CB2200251A9F /* Approval MatrixUITests.xctest */ = {isa = PBXFileReference; explicitFileType = wrapper.cfbundle; includeInIndex = 0; path = "Approval MatrixUITests.xctest"; sourceTree = BUILT_PRODUCTS_DIR; };
/* End PBXFileReference section */

/* Begin PBXFileSystemSynchronizedRootGroup section */
		B6B8657D2CC8CB2000251A9F /* Approval Matrix */ = {
			isa = PBXFileSystemSynchronizedRootGroup;
			path = "Approval Matrix";
			sourceTree = "<group>";
		};
		B6B8658E2CC8CB2200251A9F /* Approval MatrixTests */ = {
			isa = PBXFileSystemSynchronizedRootGroup;
			path = "Approval MatrixTests";
			sourceTree = "<group>";
		};
		B6B865982CC8CB2200251A9F /* Approval MatrixUITests */ = {
			isa = PBXFileSystemSynchronizedRootGroup;
			path = "Approval MatrixUITests";
			sourceTree = "<group>";
		};
/* End PBXFileSystemSynchronizedRootGroup section */

/* Begin PBXFrameworksBuildPhase section */
		B6B865782CC8CB2000251A9F /* Frameworks */ = {
			isa = PBXFrameworksBuildPhase;
			buildActionMask = 2147483647;
			files = (
			);
			runOnlyForDeploymentPostprocessing = 0;
		};
		B6B865882CC8CB2200251A9F /* Frameworks */ = {
			isa = PBXFrameworksBuildPhase;
			buildActionMask = 2147483647;
			files = (
			);
			runOnlyForDeploymentPostprocessing = 0;
		};
		B6B865922CC8CB2200251A9F /* Frameworks */ = {
			isa = PBXFrameworksBuildPhase;
			buildActionMask = 2147483647;
			files = (
			);
			runOnlyForDeploymentPostprocessing = 0;
		};
/* End PBXFrameworksBuildPhase section */

/* Begin PBXGroup section */
		B6B865722CC8CB2000251A9F = {
			isa = PBXGroup;
			children = (
				B6B8657D2CC8CB2000251A9F /* Approval Matrix */,
				B6B8658E2CC8CB2200251A9F /* Approval MatrixTests */,
				B6B865982CC8CB2200251A9F /* Approval MatrixUITests */,
				B6B8657C2CC8CB2000251A9F /* Products */,
			);
			sourceTree = "<group>";
		};
		B6B8657C2CC8CB2000251A9F /* Products */ = {
			isa = PBXGroup;
			children = (
				B6B8657B2CC8CB2000251A9F /* Approval Matrix.app */,
				B6B8658B2CC8CB2200251A9F /* Approval MatrixTests.xctest */,
				B6B865952CC8CB2200251A9F /* Approval MatrixUITests.xctest */,
			);
			name = Products;
			sourceTree = "<group>";
		};
/* End PBXGroup section */

/* Begin PBXNativeTarget section */
		B6B8657A2CC8CB2000251A9F /* Approval Matrix */ = {
			isa = PBXNativeTarget;
			buildConfigurationList = B6B8659F2CC8CB2200251A9F /* Build configuration list for PBXNativeTarget "Approval Matrix" */;
			buildPhases = (
				B6B865772CC8CB2000251A9F /* Sources */,
				B6B865782CC8CB2000251A9F /* Frameworks */,
				B6B865792CC8CB2000251A9F /* Resources */,
			);
			buildRules = (
			);
			dependencies = (
			);
			fileSystemSynchronizedGroups = (
				B6B8657D2CC8CB2000251A9F /* Approval Matrix */,
			);
			name = "Approval Matrix";
			packageProductDependencies = (
			);
			productName = "Approval Matrix";
			productReference = B6B8657B2CC8CB2000251A9F /* Approval Matrix.app */;
			productType = "com.apple.product-type.application";
		};
		B6B8658A2CC8CB2200251A9F /* Approval MatrixTests */ = {
			isa = PBXNativeTarget;
			buildConfigurationList = B6B865A22CC8CB2200251A9F /* Build configuration list for PBXNativeTarget "Approval MatrixTests" */;
			buildPhases = (
				B6B865872CC8CB2200251A9F /* Sources */,
				B6B865882CC8CB2200251A9F /* Frameworks */,
				B6B865892CC8CB2200251A9F /* Resources */,
			);
			buildRules = (
			);
			dependencies = (
				B6B8658D2CC8CB2200251A9F /* PBXTargetDependency */,
			);
			fileSystemSynchronizedGroups = (
				B6B8658E2CC8CB2200251A9F /* Approval MatrixTests */,
			);
			name = "Approval MatrixTests";
			packageProductDependencies = (
			);
			productName = "Approval MatrixTests";
			productReference = B6B8658B2CC8CB2200251A9F /* Approval MatrixTests.xctest */;
			productType = "com.apple.product-type.bundle.unit-test";
		};
		B6B865942CC8CB2200251A9F /* Approval MatrixUITests */ = {
			isa = PBXNativeTarget;
			buildConfigurationList = B6B865A52CC8CB2200251A9F /* Build configuration list for PBXNativeTarget "Approval MatrixUITests" */;
			buildPhases = (
				B6B865912CC8CB2200251A9F /* Sources */,
				B6B865922CC8CB2200251A9F /* Frameworks */,
				B6B865932CC8CB2200251A9F /* Resources */,
			);
			buildRules = (
			);
			dependencies = (
				B6B865972CC8CB2200251A9F /* PBXTargetDependency */,
			);
			fileSystemSynchronizedGroups = (
				B6B865982CC8CB2200251A9F /* Approval MatrixUITests */,
			);
			name = "Approval MatrixUITests";
			packageProductDependencies = (
			);
			productName = "Approval MatrixUITests";
			productReference = B6B865952CC8CB2200251A9F /* Approval MatrixUITests.xctest */;
			productType = "com.apple.product-type.bundle.ui-testing";
		};
/* End PBXNativeTarget section */

/* Begin PBXProject section */
		B6B865732CC8CB2000251A9F /* Project object */ = {
			isa = PBXProject;
			attributes = {
				BuildIndependentTargetsInParallel = 1;
				LastSwiftUpdateCheck = 1600;
				LastUpgradeCheck = 1600;
				TargetAttributes = {
					B6B8657A2CC8CB2000251A9F = {
						CreatedOnToolsVersion = 16.0;
					};
					B6B8658A2CC8CB2200251A9F = {
						CreatedOnToolsVersion = 16.0;
						TestTargetID = B6B8657A2CC8CB2000251A9F;
					};
					B6B865942CC8CB2200251A9F = {
						CreatedOnToolsVersion = 16.0;
						TestTargetID = B6B8657A2CC8CB2000251A9F;
					};
				};
			};
			buildConfigurationList = B6B865762CC8CB2000251A9F /* Build configuration list for PBXProject "Approval Matrix" */;
			developmentRegion = en;
			hasScannedForEncodings = 0;
			knownRegions = (
				en,
				Base,
			);
			mainGroup = B6B865722CC8CB2000251A9F;
			minimizedProjectReferenceProxies = 1;
			preferredProjectObjectVersion = 77;
			productRefGroup = B6B8657C2CC8CB2000251A9F /* Products */;
			projectDirPath = "";
			projectRoot = "";
			targets = (
				B6B8657A2CC8CB2000251A9F /* Approval Matrix */,
				B6B8658A2CC8CB2200251A9F /* Approval MatrixTests */,
				B6B865942CC8CB2200251A9F /* Approval MatrixUITests */,
			);
		};
/* End PBXProject section */

/* Begin PBXResourcesBuildPhase section */
		B6B865792CC8CB2000251A9F /* Resources */ = {
			isa = PBXResourcesBuildPhase;
			buildActionMask = 2147483647;
			files = (
			);
			runOnlyForDeploymentPostprocessing = 0;
		};
		B6B865892CC8CB2200251A9F /* Resources */ = {
			isa = PBXResourcesBuildPhase;
			buildActionMask = 2147483647;
			files = (
			);
			runOnlyForDeploymentPostprocessing = 0;
		};
		B6B865932CC8CB2200251A9F /* Resources */ = {
			isa = PBXResourcesBuildPhase;
			buildActionMask = 2147483647;
			files = (
			);
			runOnlyForDeploymentPostprocessing = 0;
		};
/* End PBXResourcesBuildPhase section */

/* Begin PBXSourcesBuildPhase section */
		B6B865772CC8CB2000251A9F /* Sources */ = {
			isa = PBXSourcesBuildPhase;
			buildActionMask = 2147483647;
			files = (
			);
			runOnlyForDeploymentPostprocessing = 0;
		};
		B6B865872CC8CB2200251A9F /* Sources */ = {
			isa = PBXSourcesBuildPhase;
			buildActionMask = 2147483647;
			files = (
			);
			runOnlyForDeploymentPostprocessing = 0;
		};
		B6B865912CC8CB2200251A9F /* Sources */ = {
			isa = PBXSourcesBuildPhase;
			buildActionMask = 2147483647;
			files = (
			);
			runOnlyForDeploymentPostprocessing = 0;
		};
/* End PBXSourcesBuildPhase section */

/* Begin PBXTargetDependency section */
		B6B8658D2CC8CB2200251A9F /* PBXTargetDependency */ = {
			isa = PBXTargetDependency;
			target = B6B8657A2CC8CB2000251A9F /* Approval Matrix */;
			targetProxy = B6B8658C2CC8CB2200251A9F /* PBXContainerItemProxy */;
		};
		B6B865972CC8CB2200251A9F /* PBXTargetDependency */ = {
			isa = PBXTargetDependency;
			target = B6B8657A2CC8CB2000251A9F /* Approval Matrix */;
			targetProxy = B6B865962CC8CB2200251A9F /* PBXContainerItemProxy */;
		};
/* End PBXTargetDependency section */

/* Begin XCBuildConfiguration section */
		B6B8659D2CC8CB2200251A9F /* Debug */ = {
			isa = XCBuildConfiguration;
			buildSettings = {
				ALWAYS_SEARCH_USER_PATHS = NO;
				ASSETCATALOG_COMPILER_GENERATE_SWIFT_ASSET_SYMBOL_EXTENSIONS = YES;
				CLANG_ANALYZER_NONNULL = YES;
				CLANG_ANALYZER_NUMBER_OBJECT_CONVERSION = YES_AGGRESSIVE;
				CLANG_CXX_LANGUAGE_STANDARD = "gnu++20";
				CLANG_ENABLE_MODULES = YES;
				CLANG_ENABLE_OBJC_ARC = YES;
				CLANG_ENABLE_OBJC_WEAK = YES;
				CLANG_WARN_BLOCK_CAPTURE_AUTORELEASING = YES;
				CLANG_WARN_BOOL_CONVERSION = YES;
				CLANG_WARN_COMMA = YES;
				CLANG_WARN_CONSTANT_CONVERSION = YES;
				CLANG_WARN_DEPRECATED_OBJC_IMPLEMENTATIONS = YES;
				CLANG_WARN_DIRECT_OBJC_ISA_USAGE = YES_ERROR;
				CLANG_WARN_DOCUMENTATION_COMMENTS = YES;
				CLANG_WARN_EMPTY_BODY = YES;
				CLANG_WARN_ENUM_CONVERSION = YES;
				CLANG_WARN_INFINITE_RECURSION = YES;
				CLANG_WARN_INT_CONVERSION = YES;
				CLANG_WARN_NON_LITERAL_NULL_CONVERSION = YES;
				CLANG_WARN_OBJC_IMPLICIT_RETAIN_SELF = YES;
				CLANG_WARN_OBJC_LITERAL_CONVERSION = YES;
				CLANG_WARN_OBJC_ROOT_CLASS = YES_ERROR;
				CLANG_WARN_QUOTED_INCLUDE_IN_FRAMEWORK_HEADER = YES;
				CLANG_WARN_RANGE_LOOP_ANALYSIS = YES;
				CLANG_WARN_STRICT_PROTOTYPES = YES;
				CLANG_WARN_SUSPICIOUS_MOVE = YES;
				CLANG_WARN_UNGUARDED_AVAILABILITY = YES_AGGRESSIVE;
				CLANG_WARN_UNREACHABLE_CODE = YES;
				CLANG_WARN__DUPLICATE_METHOD_MATCH = YES;
				COPY_PHASE_STRIP = NO;
				DEBUG_INFORMATION_FORMAT = dwarf;
				ENABLE_STRICT_OBJC_MSGSEND = YES;
				ENABLE_TESTABILITY = YES;
				ENABLE_USER_SCRIPT_SANDBOXING = YES;
				GCC_C_LANGUAGE_STANDARD = gnu17;
				GCC_DYNAMIC_NO_PIC = NO;
				GCC_NO_COMMON_BLOCKS = YES;
				GCC_OPTIMIZATION_LEVEL = 0;
				GCC_PREPROCESSOR_DEFINITIONS = (
					"DEBUG=1",
					"$(inherited)",
				);
				GCC_WARN_64_TO_32_BIT_CONVERSION = YES;
				GCC_WARN_ABOUT_RETURN_TYPE = YES_ERROR;
				GCC_WARN_UNDECLARED_SELECTOR = YES;
				GCC_WARN_UNINITIALIZED_AUTOS = YES_AGGRESSIVE;
				GCC_WARN_UNUSED_FUNCTION = YES;
				GCC_WARN_UNUSED_VARIABLE = YES;
				IPHONEOS_DEPLOYMENT_TARGET = 18.0;
				LOCALIZATION_PREFERS_STRING_CATALOGS = YES;
				MTL_ENABLE_DEBUG_INFO = INCLUDE_SOURCE;
				MTL_FAST_MATH = YES;
				ONLY_ACTIVE_ARCH = YES;
				SDKROOT = iphoneos;
				SWIFT_ACTIVE_COMPILATION_CONDITIONS = "DEBUG $(inherited)";
				SWIFT_OPTIMIZATION_LEVEL = "-Onone";
			};
			name = Debug;
		};
		B6B8659E2CC8CB2200251A9F /* Release */ = {
			isa = XCBuildConfiguration;
			buildSettings = {
				ALWAYS_SEARCH_USER_PATHS = NO;
				ASSETCATALOG_COMPILER_GENERATE_SWIFT_ASSET_SYMBOL_EXTENSIONS = YES;
				CLANG_ANALYZER_NONNULL = YES;
				CLANG_ANALYZER_NUMBER_OBJECT_CONVERSION = YES_AGGRESSIVE;
				CLANG_CXX_LANGUAGE_STANDARD = "gnu++20";
				CLANG_ENABLE_MODULES = YES;
				CLANG_ENABLE_OBJC_ARC = YES;
				CLANG_ENABLE_OBJC_WEAK = YES;
				CLANG_WARN_BLOCK_CAPTURE_AUTORELEASING = YES;
				CLANG_WARN_BOOL_CONVERSION = YES;
				CLANG_WARN_COMMA = YES;
				CLANG_WARN_CONSTANT_CONVERSION = YES;
				CLANG_WARN_DEPRECATED_OBJC_IMPLEMENTATIONS = YES;
				CLANG_WARN_DIRECT_OBJC_ISA_USAGE = YES_ERROR;
				CLANG_WARN_DOCUMENTATION_COMMENTS = YES;
				CLANG_WARN_EMPTY_BODY = YES;
				CLANG_WARN_ENUM_CONVERSION = YES;
				CLANG_WARN_INFINITE_RECURSION = YES;
				CLANG_WARN_INT_CONVERSION = YES;
				CLANG_WARN_NON_LITERAL_NULL_CONVERSION = YES;
				CLANG_WARN_OBJC_IMPLICIT_RETAIN_SELF = YES;
				CLANG_WARN_OBJC_LITERAL_CONVERSION = YES;
				CLANG_WARN_OBJC_ROOT_CLASS = YES_ERROR;
				CLANG_WARN_QUOTED_INCLUDE_IN_FRAMEWORK_HEADER = YES;
				CLANG_WARN_RANGE_LOOP_ANALYSIS = YES;
				CLANG_WARN_STRICT_PROTOTYPES = YES;
				CLANG_WARN_SUSPICIOUS_MOVE = YES;
				CLANG_WARN_UNGUARDED_AVAILABILITY = YES_AGGRESSIVE;
				CLANG_WARN_UNREACHABLE_CODE = YES;
				CLANG_WARN__DUPLICATE_METHOD_MATCH = YES;
				COPY_PHASE_STRIP = NO;
				DEBUG_INFORMATION_FORMAT = "dwarf-with-dsym";
				ENABLE_NS_ASSERTIONS = NO;
				ENABLE_STRICT_OBJC_MSGSEND = YES;
				ENABLE_USER_SCRIPT_SANDBOXING = YES;
				GCC_C_LANGUAGE_STANDARD = gnu17;
				GCC_NO_COMMON_BLOCKS = YES;
				GCC_WARN_64_TO_32_BIT_CONVERSION = YES;
				GCC_WARN_ABOUT_RETURN_TYPE = YES_ERROR;
				GCC_WARN_UNDECLARED_SELECTOR = YES;
				GCC_WARN_UNINITIALIZED_AUTOS = YES_AGGRESSIVE;
				GCC_WARN_UNUSED_FUNCTION = YES;
				GCC_WARN_UNUSED_VARIABLE = YES;
				IPHONEOS_DEPLOYMENT_TARGET = 18.0;
				LOCALIZATION_PREFERS_STRING_CATALOGS = YES;
				MTL_ENABLE_DEBUG_INFO = NO;
				MTL_FAST_MATH = YES;
				SDKROOT = iphoneos;
				SWIFT_COMPILATION_MODE = wholemodule;
				VALIDATE_PRODUCT = YES;
			};
			name = Release;
		};
		B6B865A02CC8CB2200251A9F /* Debug */ = {
			isa = XCBuildConfiguration;
			buildSettings = {
				ASSETCATALOG_COMPILER_APPICON_NAME = AppIcon;
				ASSETCATALOG_COMPILER_GLOBAL_ACCENT_COLOR_NAME = AccentColor;
				CODE_SIGN_STYLE = Automatic;
				CURRENT_PROJECT_VERSION = 1;
				DEVELOPMENT_ASSET_PATHS = "\"Approval Matrix/Preview Content\"";
				DEVELOPMENT_TEAM = VUNMGZ3YY8;
				ENABLE_PREVIEWS = YES;
				GENERATE_INFOPLIST_FILE = YES;
				INFOPLIST_KEY_UIApplicationSceneManifest_Generation = YES;
				INFOPLIST_KEY_UIApplicationSupportsIndirectInputEvents = YES;
				INFOPLIST_KEY_UILaunchScreen_Generation = YES;
				INFOPLIST_KEY_UISupportedInterfaceOrientations_iPad = "UIInterfaceOrientationPortrait UIInterfaceOrientationPortraitUpsideDown UIInterfaceOrientationLandscapeLeft UIInterfaceOrientationLandscapeRight";
				INFOPLIST_KEY_UISupportedInterfaceOrientations_iPhone = "UIInterfaceOrientationPortrait UIInterfaceOrientationLandscapeLeft UIInterfaceOrientationLandscapeRight";
				LD_RUNPATH_SEARCH_PATHS = (
					"$(inherited)",
					"@executable_path/Frameworks",
				);
				MARKETING_VERSION = 1.0;
				PRODUCT_BUNDLE_IDENTIFIER = "com.longphu.Approval-Matrix";
				PRODUCT_NAME = "$(TARGET_NAME)";
				SWIFT_EMIT_LOC_STRINGS = YES;
				SWIFT_VERSION = 5.0;
				TARGETED_DEVICE_FAMILY = "1,2";
			};
			name = Debug;
		};
		B6B865A12CC8CB2200251A9F /* Release */ = {
			isa = XCBuildConfiguration;
			buildSettings = {
				ASSETCATALOG_COMPILER_APPICON_NAME = AppIcon;
				ASSETCATALOG_COMPILER_GLOBAL_ACCENT_COLOR_NAME = AccentColor;
				CODE_SIGN_STYLE = Automatic;
				CURRENT_PROJECT_VERSION = 1;
				DEVELOPMENT_ASSET_PATHS = "\"Approval Matrix/Preview Content\"";
				DEVELOPMENT_TEAM = VUNMGZ3YY8;
				ENABLE_PREVIEWS = YES;
				GENERATE_INFOPLIST_FILE = YES;
				INFOPLIST_KEY_UIApplicationSceneManifest_Generation = YES;
				INFOPLIST_KEY_UIApplicationSupportsIndirectInputEvents = YES;
				INFOPLIST_KEY_UILaunchScreen_Generation = YES;
				INFOPLIST_KEY_UISupportedInterfaceOrientations_iPad = "UIInterfaceOrientationPortrait UIInterfaceOrientationPortraitUpsideDown UIInterfaceOrientationLandscapeLeft UIInterfaceOrientationLandscapeRight";
				INFOPLIST_KEY_UISupportedInterfaceOrientations_iPhone = "UIInterfaceOrientationPortrait UIInterfaceOrientationLandscapeLeft UIInterfaceOrientationLandscapeRight";
				LD_RUNPATH_SEARCH_PATHS = (
					"$(inherited)",
					"@executable_path/Frameworks",
				);
				MARKETING_VERSION = 1.0;
				PRODUCT_BUNDLE_IDENTIFIER = "com.longphu.Approval-Matrix";
				PRODUCT_NAME = "$(TARGET_NAME)";
				SWIFT_EMIT_LOC_STRINGS = YES;
				SWIFT_VERSION = 5.0;
				TARGETED_DEVICE_FAMILY = "1,2";
			};
			name = Release;
		};
		B6B865A32CC8CB2200251A9F /* Debug */ = {
			isa = XCBuildConfiguration;
			buildSettings = {
				BUNDLE_LOADER = "$(TEST_HOST)";
				CODE_SIGN_STYLE = Automatic;
				CURRENT_PROJECT_VERSION = 1;
				DEVELOPMENT_TEAM = VUNMGZ3YY8;
				GENERATE_INFOPLIST_FILE = YES;
				IPHONEOS_DEPLOYMENT_TARGET = 18.0;
				MARKETING_VERSION = 1.0;
				PRODUCT_BUNDLE_IDENTIFIER = "com.longphu.Approval-MatrixTests";
				PRODUCT_NAME = "$(TARGET_NAME)";
				SWIFT_EMIT_LOC_STRINGS = NO;
				SWIFT_VERSION = 5.0;
				TARGETED_DEVICE_FAMILY = "1,2";
				TEST_HOST = "$(BUILT_PRODUCTS_DIR)/Approval Matrix.app/$(BUNDLE_EXECUTABLE_FOLDER_PATH)/Approval Matrix";
			};
			name = Debug;
		};
		B6B865A42CC8CB2200251A9F /* Release */ = {
			isa = XCBuildConfiguration;
			buildSettings = {
				BUNDLE_LOADER = "$(TEST_HOST)";
				CODE_SIGN_STYLE = Automatic;
				CURRENT_PROJECT_VERSION = 1;
				DEVELOPMENT_TEAM = VUNMGZ3YY8;
				GENERATE_INFOPLIST_FILE = YES;
				IPHONEOS_DEPLOYMENT_TARGET = 18.0;
				MARKETING_VERSION = 1.0;
				PRODUCT_BUNDLE_IDENTIFIER = "com.longphu.Approval-MatrixTests";
				PRODUCT_NAME = "$(TARGET_NAME)";
				SWIFT_EMIT_LOC_STRINGS = NO;
				SWIFT_VERSION = 5.0;
				TARGETED_DEVICE_FAMILY = "1,2";
				TEST_HOST = "$(BUILT_PRODUCTS_DIR)/Approval Matrix.app/$(BUNDLE_EXECUTABLE_FOLDER_PATH)/Approval Matrix";
			};
			name = Release;
		};
		B6B865A62CC8CB2200251A9F /* Debug */ = {
			isa = XCBuildConfiguration;
			buildSettings = {
				CODE_SIGN_STYLE = Automatic;
				CURRENT_PROJECT_VERSION = 1;
				DEVELOPMENT_TEAM = VUNMGZ3YY8;
				GENERATE_INFOPLIST_FILE = YES;
				MARKETING_VERSION = 1.0;
				PRODUCT_BUNDLE_IDENTIFIER = "com.longphu.Approval-MatrixUITests";
				PRODUCT_NAME = "$(TARGET_NAME)";
				SWIFT_EMIT_LOC_STRINGS = NO;
				SWIFT_VERSION = 5.0;
				TARGETED_DEVICE_FAMILY = "1,2";
				TEST_TARGET_NAME = "Approval Matrix";
			};
			name = Debug;
		};
		B6B865A72CC8CB2200251A9F /* Release */ = {
			isa = XCBuildConfiguration;
			buildSettings = {
				CODE_SIGN_STYLE = Automatic;
				CURRENT_PROJECT_VERSION = 1;
				DEVELOPMENT_TEAM = VUNMGZ3YY8;
				GENERATE_INFOPLIST_FILE = YES;
				MARKETING_VERSION = 1.0;
				PRODUCT_BUNDLE_IDENTIFIER = "com.longphu.Approval-MatrixUITests";
				PRODUCT_NAME = "$(TARGET_NAME)";
				SWIFT_EMIT_LOC_STRINGS = NO;
				SWIFT_VERSION = 5.0;
				TARGETED_DEVICE_FAMILY = "1,2";
				TEST_TARGET_NAME = "Approval Matrix";
			};
			name = Release;
		};
/* End XCBuildConfiguration section */

/* Begin XCConfigurationList section */
		B6B865762CC8CB2000251A9F /* Build configuration list for PBXProject "Approval Matrix" */ = {
			isa = XCConfigurationList;
			buildConfigurations = (
				B6B8659D2CC8CB2200251A9F /* Debug */,
				B6B8659E2CC8CB2200251A9F /* Release */,
			);
			defaultConfigurationIsVisible = 0;
			defaultConfigurationName = Release;
		};
		B6B8659F2CC8CB2200251A9F /* Build configuration list for PBXNativeTarget "Approval Matrix" */ = {
			isa = XCConfigurationList;
			buildConfigurations = (
				B6B865A02CC8CB2200251A9F /* Debug */,
				B6B865A12CC8CB2200251A9F /* Release */,
			);
			defaultConfigurationIsVisible = 0;
			defaultConfigurationName = Release;
		};
		B6B865A22CC8CB2200251A9F /* Build configuration list for PBXNativeTarget "Approval MatrixTests" */ = {
			isa = XCConfigurationList;
			buildConfigurations = (
				B6B865A32CC8CB2200251A9F /* Debug */,
				B6B865A42CC8CB2200251A9F /* Release */,
			);
			defaultConfigurationIsVisible = 0;
			defaultConfigurationName = Release;
		};
		B6B865A52CC8CB2200251A9F /* Build configuration list for PBXNativeTarget "Approval MatrixUITests" */ = {
			isa = XCConfigurationList;
			buildConfigurations = (
				B6B865A62CC8CB2200251A9F /* Debug */,
				B6B865A72CC8CB2200251A9F /* Release */,
			);
			defaultConfigurationIsVisible = 0;
			defaultConfigurationName = Release;
		};
/* End XCConfigurationList section */
	};
	rootObject = B6B865732CC8CB2000251A9F /* Project object */;
}
